
Microsoft Visual Studio Solution File, Format Version 12.00
# Visual Studio Version 17
VisualStudioVersion = 17.7.34221.43
MinimumVisualStudioVersion = 10.0.40219.1
Project("{FAE04EC0-301F-11D3-BF4B-00C04F79EFBC}") = "PMQuanLyCuaHangThuY", "PMQuanLyCuaHangThuY\PMQuanLyCuaHangThuY.csproj", "{0DD8232F-0BB4-4384-9A0A-C05A01E41876}"
EndProject
Global
	GlobalSection(SolutionConfigurationPlatforms) = preSolution
		Debug|Any CPU = Debug|Any CPU
		Release|Any CPU = Release|Any CPU
	EndGlobalSection
	GlobalSection(ProjectConfigurationPlatforms) = postSolution
		{0DD8232F-0BB4-4384-9A0A-C05A01E41876}.Debug|Any CPU.ActiveCfg = Debug|Any CPU
		{0DD8232F-0BB4-4384-9A0A-C05A01E41876}.Debug|Any CPU.Build.0 = Debug|Any CPU
		{0DD8232F-0BB4-4384-9A0A-C05A01E41876}.Release|Any CPU.ActiveCfg = Release|Any CPU
		{0DD8232F-0BB4-4384-9A0A-C05A01E41876}.Release|Any CPU.Build.0 = Release|Any CPU
	EndGlobalSection
	GlobalSection(SolutionProperties) = preSolution
		HideSolutionNode = FALSE
	EndGlobalSection
	GlobalSection(ExtensibilityGlobals) = postSolution
		SolutionGuid = {2E69DEDE-C27A-4452-BFCD-E84A38F5B80C}
	EndGlobalSection
EndGlobal
